Microsoft Visual Studio Solution File, Format Version 12.00
# Visual Studio Version 17
VisualStudioVersion = 17.4.33205.214
MinimumVisualStudioVersion = 10.0.40219.1
Project("{8BC9CEB8-8B4A-11D0-8D11-00A0C91BC942}") = "touchcursor", "touchcursor\touchcursor.vcxproj", "{28FCA55C-677E-4F00-A50C-32F029CEA762}"
EndProject
Project("{8BC9CEB8-8B4A-11D0-8D11-00A0C91BC942}") = "tcconfig", "touchcursorconfig\tcconfig.vcxproj", "{305C4090-1F68-4733-9B98-E91A95A0F6AD}"
EndProject
Project("{8BC9CEB8-8B4A-11D0-8D11-00A0C91BC942}") = "dll", "touchcursordll\dll.vcxproj", "{811F53B4-4E1A-47FC-AACC-F1ED9C2C4FC4}"
EndProject
Project("{8BC9CEB8-8B4A-11D0-8D11-00A0C91BC942}") = "tclib", "tclib\tclib.vcxproj", "{EEA5839B-CF9B-453D-BE67-7310B6561F68}"
EndProject
Project("{8BC9CEB8-8B4A-11D0-8D11-00A0C91BC942}") = "touchcursor_update", "touchcursor_update\touchcursor_update.vcxproj", "{A9CD3F65-E481-46DA-A395-587C9DBEEFCB}"
EndProject
Global
	GlobalSection(SolutionConfigurationPlatforms) = preSolution
		Debug|Win32 = Debug|Win32
		Release|Win32 = Release|Win32
	EndGlobalSection
	GlobalSection(ProjectConfigurationPlatforms) = postSolution
		{28FCA55C-677E-4F00-A50C-32F029CEA762}.Debug|Win32.ActiveCfg = Debug|Win32
		{28FCA55C-677E-4F00-A50C-32F029CEA762}.Debug|Win32.Build.0 = Debug|Win32
		{28FCA55C-677E-4F00-A50C-32F029CEA762}.Release|Win32.ActiveCfg = Release|Win32
		{28FCA55C-677E-4F00-A50C-32F029CEA762}.Release|Win32.Build.0 = Release|Win32
		{305C4090-1F68-4733-9B98-E91A95A0F6AD}.Debug|Win32.ActiveCfg = Debug|Win32
		{305C4090-1F68-4733-9B98-E91A95A0F6AD}.Debug|Win32.Build.0 = Debug|Win32
		{305C4090-1F68-4733-9B98-E91A95A0F6AD}.Release|Win32.ActiveCfg = Release|Win32
		{305C4090-1F68-4733-9B98-E91A95A0F6AD}.Release|Win32.Build.0 = Release|Win32
		{811F53B4-4E1A-47FC-AACC-F1ED9C2C4FC4}.Debug|Win32.ActiveCfg = Debug|Win32
		{811F53B4-4E1A-47FC-AACC-F1ED9C2C4FC4}.Debug|Win32.Build.0 = Debug|Win32
		{811F53B4-4E1A-47FC-AACC-F1ED9C2C4FC4}.Release|Win32.ActiveCfg = Release|Win32
		{811F53B4-4E1A-47FC-AACC-F1ED9C2C4FC4}.Release|Win32.Build.0 = Release|Win32
		{EEA5839B-CF9B-453D-BE67-7310B6561F68}.Debug|Win32.ActiveCfg = Debug|Win32
		{EEA5839B-CF9B-453D-BE67-7310B6561F68}.Debug|Win32.Build.0 = Debug|Win32
		{EEA5839B-CF9B-453D-BE67-7310B6561F68}.Release|Win32.ActiveCfg = Release|Win32
		{EEA5839B-CF9B-453D-BE67-7310B6561F68}.Release|Win32.Build.0 = Release|Win32
		{A9CD3F65-E481-46DA-A395-587C9DBEEFCB}.Debug|Win32.ActiveCfg = Debug|Win32
		{A9CD3F65-E481-46DA-A395-587C9DBEEFCB}.Debug|Win32.Build.0 = Debug|Win32
		{A9CD3F65-E481-46DA-A395-587C9DBEEFCB}.Release|Win32.ActiveCfg = Release|Win32
		{A9CD3F65-E481-46DA-A395-587C9DBEEFCB}.Release|Win32.Build.0 = Release|Win32
	EndGlobalSection
	GlobalSection(SolutionProperties) = preSolution
		HideSolutionNode = FALSE
	EndGlobalSection
	GlobalSection(ExtensibilityGlobals) = postSolution
		SolutionGuid = {C560675D-C95C-4B8A-96DD-443CB8C99DA9}
	EndGlobalSection
EndGlobal
